<?xml version="1.0" encoding="utf-8"?>
<Project ToolsVersion="4.0" xmlns="http://schemas.microsoft.com/developer/msbuild/2003">
  <ItemGroup>
    <ClCompile Include="$(MSBuildThisFileDirectory)Double.cpp">
      <Filter>Double</Filter>
    </ClCompile>
    <ClCompile Include="$(MSBuildThisFileDirectory)Int64.cpp">
      <Filter>Int64</Filter>
    </ClCompile>
    <ClCompile Include="$(MSBuildThisFileDirectory)MathType.cpp">
      <Filter>MathType</Filter>
    </ClCompile>
    <ClCompile Include="$(MSBuildThisFileDirectory)Bool.cpp">
      <Filter>Bool</Filter>
    </ClCompile>
    <ClCompile Include="$(MSBuildThisFileDirectory)Ratio64.cpp" />
  </ItemGroup>
  <ItemGroup>
    <ClInclude Include="$(MSBuildThisFileDirectory)exceptions.h" />
    <ClInclude Include="$(MSBuildThisFileDirectory)Double.h">
      <Filter>Double</Filter>
    </ClInclude>
    <ClInclude Include="$(MSBuildThisFileDirectory)Int64.h">
      <Filter>Int64</Filter>
    </ClInclude>
    <ClInclude Include="$(MSBuildThisFileDirectory)MathType.h">
      <Filter>MathType</Filter>
    </ClInclude>
    <ClInclude Include="$(MSBuildThisFileDirectory)Bool.h">
      <Filter>Bool</Filter>
    </ClInclude>
    <ClInclude Include="$(MSBuildThisFileDirectory)Complex.h">
      <Filter>Complex</Filter>
    </ClInclude>
    <ClInclude Include="$(MSBuildThisFileDirectory)Ratio64.h">
      <Filter>Ratio64</Filter>
    </ClInclude>
  </ItemGroup>
  <ItemGroup>
    <Filter Include="Double">
      <UniqueIdentifier>{2276efb6-b1f5-4283-a04a-b262c50a1100}</UniqueIdentifier>
    </Filter>
    <Filter Include="Int64">
      <UniqueIdentifier>{18d550f7-a202-433b-ba61-a5d9036c8bf5}</UniqueIdentifier>
    </Filter>
    <Filter Include="MathType">
      <UniqueIdentifier>{a374b9f3-8c36-492a-97d1-9b68827fbeac}</UniqueIdentifier>
    </Filter>
    <Filter Include="Bool">
      <UniqueIdentifier>{39bb5b09-36d8-445b-ba38-dd29427e462a}</UniqueIdentifier>
    </Filter>
    <Filter Include="Ratio64">
      <UniqueIdentifier>{7f392ad3-c945-4c17-be58-a1ece8648d99}</UniqueIdentifier>
    </Filter>
    <Filter Include="Complex">
      <UniqueIdentifier>{284b837b-bc03-454c-9751-a4d2a8e2528e}</UniqueIdentifier>
    </Filter>
    <Filter Include="Seg">
      <UniqueIdentifier>{054723b9-e1d1-4ad2-a551-4d103c9d9e24}</UniqueIdentifier>
    </Filter>
    <Filter Include="Quad">
      <UniqueIdentifier>{2a463dd2-6c60-4d55-b262-b542ef2d3c86}</UniqueIdentifier>
    </Filter>
    <Filter Include="Set">
      <UniqueIdentifier>{fedd5c13-c1b0-41d5-b4c2-fccf9ae4a8e2}</UniqueIdentifier>
    </Filter>
    <Filter Include="List">
      <UniqueIdentifier>{144c056c-216f-470e-8890-b80dd190f9cc}</UniqueIdentifier>
    </Filter>
  </ItemGroup>
  <ItemGroup>
    <None Include="$(MSBuildThisFileDirectory)MathType_templates.inl">
      <Filter>MathType</Filter>
    </None>
  </ItemGroup>
</Project>